# Code generated by scarb DO NOT EDIT.
version = 1

[[package]]
name = "snforge_std"
version = "0.15.0"
source = "git+https://github.com/foundry-rs/starknet-foundry.git?tag=v0.15.0#7747a2d27b9ebfccf7de8e757d9c6a3ed31e81fc"

[[package]]
name = "starklane"
version = "0.1.0"
dependencies = [
 "snforge_std",
]
