# Code generated by scarb DO NOT EDIT.
version = 1

[[package]]
name = "openzeppelin"
version = "0.11.0"
source = "git+https://github.com/OpenZeppelin/cairo-contracts.git?tag=v0.11.0#a83f36b23f1af6e160288962be4a2701c3ecbcda"

[[package]]
name = "snforge_std"
version = "0.19.0"
source = "git+https://github.com/foundry-rs/starknet-foundry.git?tag=v0.19.0#a3391dce5bdda51c63237032e6cfc64fb7a346d4"

[[package]]
name = "starklane"
version = "0.1.0"
dependencies = [
 "openzeppelin",
 "snforge_std",
]
